
Microsoft Visual Studio Solution File, Format Version 12.00
# Visual Studio 15
VisualStudioVersion = 15.0.28307.489
MinimumVisualStudioVersion = 10.0.40219.1
Project("{FAE04EC0-301F-11D3-BF4B-00C04F79EFBC}") = "AppiumTest", "AppiumTest\AppiumTest.csproj", "{0F70C0C5-BFB2-48AE-BF94-031D696458FC}"
EndProject
Global
	GlobalSection(SolutionConfigurationPlatforms) = preSolution
		Debug|Any CPU = Debug|Any CPU
		Release|Any CPU = Release|Any CPU
	EndGlobalSection
	GlobalSection(ProjectConfigurationPlatforms) = postSolution
		{0F70C0C5-BFB2-48AE-BF94-031D696458FC}.Debug|Any CPU.ActiveCfg = Debug|Any CPU
		{0F70C0C5-BFB2-48AE-BF94-031D696458FC}.Debug|Any CPU.Build.0 = Debug|Any CPU
		{0F70C0C5-BFB2-48AE-BF94-031D696458FC}.Release|Any CPU.ActiveCfg = Release|Any CPU
		{0F70C0C5-BFB2-48AE-BF94-031D696458FC}.Release|Any CPU.Build.0 = Release|Any CPU
	EndGlobalSection
	GlobalSection(SolutionProperties) = preSolution
		HideSolutionNode = FALSE
	EndGlobalSection
	GlobalSection(ExtensibilityGlobals) = postSolution
		SolutionGuid = {3278C1A2-BE0F-4B4E-8B43-6656E6B0C424}
	EndGlobalSection
EndGlobal
